
Microsoft Visual Studio Solution File, Format Version 12.00
# Visual Studio Version 16
VisualStudioVersion = 16.0.29920.165
MinimumVisualStudioVersion = 10.0.40219.1
Project("{9A19103F-16F7-4668-BE54-9A1E7A4F7556}") = "APIGateway", "CA_PROJECT\APIGateway.csproj", "{297E5AA3-BE77-4769-A294-7141429BA6BB}"
EndProject
Project("{FAE04EC0-301F-11D3-BF4B-00C04F79EFBC}") = "TokenAPI", "TokenAPI\TokenAPI.csproj", "{FE086761-EF64-4BFB-961C-DB09F4258DC4}"
EndProject
Global
	GlobalSection(SolutionConfigurationPlatforms) = preSolution
		Debug|Any CPU = Debug|Any CPU
		Release|Any CPU = Release|Any CPU
	EndGlobalSection
	GlobalSection(ProjectConfigurationPlatforms) = postSolution
		{297E5AA3-BE77-4769-A294-7141429BA6BB}.Debug|Any CPU.ActiveCfg = Debug|Any CPU
		{297E5AA3-BE77-4769-A294-7141429BA6BB}.Debug|Any CPU.Build.0 = Debug|Any CPU
		{297E5AA3-BE77-4769-A294-7141429BA6BB}.Release|Any CPU.ActiveCfg = Release|Any CPU
		{297E5AA3-BE77-4769-A294-7141429BA6BB}.Release|Any CPU.Build.0 = Release|Any CPU
		{FE086761-EF64-4BFB-961C-DB09F4258DC4}.Debug|Any CPU.ActiveCfg = Debug|Any CPU
		{FE086761-EF64-4BFB-961C-DB09F4258DC4}.Debug|Any CPU.Build.0 = Debug|Any CPU
		{FE086761-EF64-4BFB-961C-DB09F4258DC4}.Release|Any CPU.ActiveCfg = Release|Any CPU
		{FE086761-EF64-4BFB-961C-DB09F4258DC4}.Release|Any CPU.Build.0 = Release|Any CPU
	EndGlobalSection
	GlobalSection(SolutionProperties) = preSolution
		HideSolutionNode = FALSE
	EndGlobalSection
	GlobalSection(ExtensibilityGlobals) = postSolution
		SolutionGuid = {64C53A02-400D-4308-9DB0-8F0E95E00721}
	EndGlobalSection
EndGlobal
